
Microsoft Visual Studio Solution File, Format Version 10.00
# Visual Studio 2008
Project("{2150E333-8FDC-42A3-9474-1A3956D46DE8}") = "Libraries", "Libraries", "{F580CEAF-50F5-4088-9240-CD3FAB7389AC}"
EndProject
Project("{FAE04EC0-301F-11D3-BF4B-00C04F79EFBC}") = "DockPanelSuite", "..\ide\libraries\DockPanelSuite\DockPanelSuite.csproj", "{B2886585-F158-4870-95A5-564007987F45}"
EndProject
Project("{FAE04EC0-301F-11D3-BF4B-00C04F79EFBC}") = "ScintillaNET", "..\ide\libraries\Scintilla.NET\Trunk\ScintillaNET\ScintillaNET.csproj", "{F9B6DABD-BBC1-4638-8CE6-A5C9506BFDCB}"
EndProject
Project("{FAE04EC0-301F-11D3-BF4B-00C04F79EFBC}") = "Moai.Versioning", "..\ide\src\Moai.Versioning\Moai.Versioning.csproj", "{788589BB-501E-4645-9805-BE2DC1FC73C0}"
EndProject
Project("{FAE04EC0-301F-11D3-BF4B-00C04F79EFBC}") = "Moai.Portability", "..\ide\src\Moai.Portability\Moai.Portability.csproj", "{2DBB5C1E-84C9-4FDB-8284-4D8AA53C2887}"
EndProject
Project("{FAE04EC0-301F-11D3-BF4B-00C04F79EFBC}") = "Moai.Portability.Mono", "..\ide\src\Moai.Portability.Mono\Moai.Portability.Mono.csproj", "{90D64BDF-E595-46C8-AC42-8DCE675428ED}"
EndProject
Project("{FAE04EC0-301F-11D3-BF4B-00C04F79EFBC}") = "Moai.Portability.Windows", "..\ide\src\Moai.Portability.Windows\Moai.Portability.Windows.csproj", "{ADD65F3B-E510-4BC2-BD3F-D8C4E8D2D752}"
EndProject
Project("{FAE04EC0-301F-11D3-BF4B-00C04F79EFBC}") = "Moai.IDE", "..\ide\src\Moai\Moai.IDE.csproj", "{5BA158DE-7E14-42BD-8ABE-2FFBCD1CC268}"
EndProject
Global
	GlobalSection(SolutionConfigurationPlatforms) = preSolution
		Debug|Any CPU = Debug|Any CPU
		Jenkins|Any CPU = Jenkins|Any CPU
		Release|Any CPU = Release|Any CPU
	EndGlobalSection
	GlobalSection(ProjectConfigurationPlatforms) = postSolution
		{B2886585-F158-4870-95A5-564007987F45}.Debug|Any CPU.ActiveCfg = Debug|Any CPU
		{B2886585-F158-4870-95A5-564007987F45}.Debug|Any CPU.Build.0 = Debug|Any CPU
		{B2886585-F158-4870-95A5-564007987F45}.Jenkins|Any CPU.ActiveCfg = Debug|Any CPU
		{B2886585-F158-4870-95A5-564007987F45}.Jenkins|Any CPU.Build.0 = Debug|Any CPU
		{B2886585-F158-4870-95A5-564007987F45}.Release|Any CPU.ActiveCfg = Release|Any CPU
		{B2886585-F158-4870-95A5-564007987F45}.Release|Any CPU.Build.0 = Release|Any CPU
		{F9B6DABD-BBC1-4638-8CE6-A5C9506BFDCB}.Debug|Any CPU.ActiveCfg = Debug|Any CPU
		{F9B6DABD-BBC1-4638-8CE6-A5C9506BFDCB}.Debug|Any CPU.Build.0 = Debug|Any CPU
		{F9B6DABD-BBC1-4638-8CE6-A5C9506BFDCB}.Jenkins|Any CPU.ActiveCfg = Debug|Any CPU
		{F9B6DABD-BBC1-4638-8CE6-A5C9506BFDCB}.Jenkins|Any CPU.Build.0 = Debug|Any CPU
		{F9B6DABD-BBC1-4638-8CE6-A5C9506BFDCB}.Release|Any CPU.ActiveCfg = Release|Any CPU
		{F9B6DABD-BBC1-4638-8CE6-A5C9506BFDCB}.Release|Any CPU.Build.0 = Release|Any CPU
		{788589BB-501E-4645-9805-BE2DC1FC73C0}.Debug|Any CPU.ActiveCfg = Debug|Any CPU
		{788589BB-501E-4645-9805-BE2DC1FC73C0}.Debug|Any CPU.Build.0 = Debug|Any CPU
		{788589BB-501E-4645-9805-BE2DC1FC73C0}.Jenkins|Any CPU.ActiveCfg = Debug|Any CPU
		{788589BB-501E-4645-9805-BE2DC1FC73C0}.Jenkins|Any CPU.Build.0 = Debug|Any CPU
		{788589BB-501E-4645-9805-BE2DC1FC73C0}.Release|Any CPU.ActiveCfg = Release|Any CPU
		{788589BB-501E-4645-9805-BE2DC1FC73C0}.Release|Any CPU.Build.0 = Release|Any CPU
		{2DBB5C1E-84C9-4FDB-8284-4D8AA53C2887}.Debug|Any CPU.ActiveCfg = Debug|Any CPU
		{2DBB5C1E-84C9-4FDB-8284-4D8AA53C2887}.Debug|Any CPU.Build.0 = Debug|Any CPU
		{2DBB5C1E-84C9-4FDB-8284-4D8AA53C2887}.Jenkins|Any CPU.ActiveCfg = Debug|Any CPU
		{2DBB5C1E-84C9-4FDB-8284-4D8AA53C2887}.Jenkins|Any CPU.Build.0 = Debug|Any CPU
		{2DBB5C1E-84C9-4FDB-8284-4D8AA53C2887}.Release|Any CPU.ActiveCfg = Release|Any CPU
		{2DBB5C1E-84C9-4FDB-8284-4D8AA53C2887}.Release|Any CPU.Build.0 = Release|Any CPU
		{90D64BDF-E595-46C8-AC42-8DCE675428ED}.Debug|Any CPU.ActiveCfg = Debug|Any CPU
		{90D64BDF-E595-46C8-AC42-8DCE675428ED}.Debug|Any CPU.Build.0 = Debug|Any CPU
		{90D64BDF-E595-46C8-AC42-8DCE675428ED}.Jenkins|Any CPU.ActiveCfg = Debug|Any CPU
		{90D64BDF-E595-46C8-AC42-8DCE675428ED}.Jenkins|Any CPU.Build.0 = Debug|Any CPU
		{90D64BDF-E595-46C8-AC42-8DCE675428ED}.Release|Any CPU.ActiveCfg = Release|Any CPU
		{90D64BDF-E595-46C8-AC42-8DCE675428ED}.Release|Any CPU.Build.0 = Release|Any CPU
		{ADD65F3B-E510-4BC2-BD3F-D8C4E8D2D752}.Debug|Any CPU.ActiveCfg = Debug|Any CPU
		{ADD65F3B-E510-4BC2-BD3F-D8C4E8D2D752}.Debug|Any CPU.Build.0 = Debug|Any CPU
		{ADD65F3B-E510-4BC2-BD3F-D8C4E8D2D752}.Jenkins|Any CPU.ActiveCfg = Debug|Any CPU
		{ADD65F3B-E510-4BC2-BD3F-D8C4E8D2D752}.Jenkins|Any CPU.Build.0 = Debug|Any CPU
		{ADD65F3B-E510-4BC2-BD3F-D8C4E8D2D752}.Release|Any CPU.ActiveCfg = Release|Any CPU
		{ADD65F3B-E510-4BC2-BD3F-D8C4E8D2D752}.Release|Any CPU.Build.0 = Release|Any CPU
		{5BA158DE-7E14-42BD-8ABE-2FFBCD1CC268}.Debug|Any CPU.ActiveCfg = Debug|Any CPU
		{5BA158DE-7E14-42BD-8ABE-2FFBCD1CC268}.Debug|Any CPU.Build.0 = Debug|Any CPU
		{5BA158DE-7E14-42BD-8ABE-2FFBCD1CC268}.Jenkins|Any CPU.ActiveCfg = Debug|Any CPU
		{5BA158DE-7E14-42BD-8ABE-2FFBCD1CC268}.Jenkins|Any CPU.Build.0 = Debug|Any CPU
		{5BA158DE-7E14-42BD-8ABE-2FFBCD1CC268}.Release|Any CPU.ActiveCfg = Release|Any CPU
		{5BA158DE-7E14-42BD-8ABE-2FFBCD1CC268}.Release|Any CPU.Build.0 = Release|Any CPU
	EndGlobalSection
	GlobalSection(SolutionProperties) = preSolution
		HideSolutionNode = FALSE
	EndGlobalSection
	GlobalSection(NestedProjects) = preSolution
		{B2886585-F158-4870-95A5-564007987F45} = {F580CEAF-50F5-4088-9240-CD3FAB7389AC}
		{F9B6DABD-BBC1-4638-8CE6-A5C9506BFDCB} = {F580CEAF-50F5-4088-9240-CD3FAB7389AC}
	EndGlobalSection
	GlobalSection(MonoDevelopProperties) = preSolution
		StartupItem = ..\ide\src\Moai\Moai.csproj
	EndGlobalSection
EndGlobal
